
Microsoft Visual Studio Solution File, Format Version 12.00
# Visual Studio Version 16
VisualStudioVersion = 16.0.31019.35
MinimumVisualStudioVersion = 10.0.40219.1
Project("{FAE04EC0-301F-11D3-BF4B-00C04F79EFBC}") = "wscad", "wscad\wscad.csproj", "{5967AC4C-48AB-4CBE-9CF1-5E682C14AE1E}"
EndProject
Global
	GlobalSection(SolutionConfigurationPlatforms) = preSolution
		Debug|Any CPU = Debug|Any CPU
		Release|Any CPU = Release|Any CPU
	EndGlobalSection
	GlobalSection(ProjectConfigurationPlatforms) = postSolution
		{5967AC4C-48AB-4CBE-9CF1-5E682C14AE1E}.Debug|Any CPU.ActiveCfg = Debug|Any CPU
		{5967AC4C-48AB-4CBE-9CF1-5E682C14AE1E}.Debug|Any CPU.Build.0 = Debug|Any CPU
		{5967AC4C-48AB-4CBE-9CF1-5E682C14AE1E}.Release|Any CPU.ActiveCfg = Release|Any CPU
		{5967AC4C-48AB-4CBE-9CF1-5E682C14AE1E}.Release|Any CPU.Build.0 = Release|Any CPU
	EndGlobalSection
	GlobalSection(SolutionProperties) = preSolution
		HideSolutionNode = FALSE
	EndGlobalSection
	GlobalSection(ExtensibilityGlobals) = postSolution
		SolutionGuid = {34EE18BD-4904-4349-BCC3-772E672C9FB0}
	EndGlobalSection
EndGlobal
